
Microsoft Visual Studio Solution File, Format Version 12.00
# Visual Studio Version 16
VisualStudioVersion = 16.0.33529.622
MinimumVisualStudioVersion = 10.0.40219.1
Project("{FAE04EC0-301F-11D3-BF4B-00C04F79EFBC}") = "Egzamin1", "Egzamin1\Egzamin1.csproj", "{AD222D67-1213-492C-9B76-5F5BCA0E7A32}"
EndProject
Project("{FAE04EC0-301F-11D3-BF4B-00C04F79EFBC}") = "Egzamin2", "Egzamin2\Egzamin2.csproj", "{586B2338-6586-4984-981D-3EB99CFF76F8}"
EndProject
Project("{FAE04EC0-301F-11D3-BF4B-00C04F79EFBC}") = "Egzamin3", "Egzamin3\Egzamin3.csproj", "{B2566828-8594-4AEE-AB94-4462E02F9DE1}"
EndProject
Project("{FAE04EC0-301F-11D3-BF4B-00C04F79EFBC}") = "Egzamin4", "Egzamin4\Egzamin4.csproj", "{10D58B48-4579-4F7B-9A20-04E80A17F715}"
EndProject
Project("{FAE04EC0-301F-11D3-BF4B-00C04F79EFBC}") = "Egzamin5", "Egzamin5\Egzamin5.csproj", "{5AC13844-49B9-4D47-A44E-E9D636DCE6EF}"
EndProject
Global
	GlobalSection(SolutionConfigurationPlatforms) = preSolution
		Debug|Any CPU = Debug|Any CPU
		Release|Any CPU = Release|Any CPU
	EndGlobalSection
	GlobalSection(ProjectConfigurationPlatforms) = postSolution
		{AD222D67-1213-492C-9B76-5F5BCA0E7A32}.Debug|Any CPU.ActiveCfg = Debug|Any CPU
		{AD222D67-1213-492C-9B76-5F5BCA0E7A32}.Debug|Any CPU.Build.0 = Debug|Any CPU
		{AD222D67-1213-492C-9B76-5F5BCA0E7A32}.Release|Any CPU.ActiveCfg = Release|Any CPU
		{AD222D67-1213-492C-9B76-5F5BCA0E7A32}.Release|Any CPU.Build.0 = Release|Any CPU
		{586B2338-6586-4984-981D-3EB99CFF76F8}.Debug|Any CPU.ActiveCfg = Debug|Any CPU
		{586B2338-6586-4984-981D-3EB99CFF76F8}.Debug|Any CPU.Build.0 = Debug|Any CPU
		{586B2338-6586-4984-981D-3EB99CFF76F8}.Release|Any CPU.ActiveCfg = Release|Any CPU
		{586B2338-6586-4984-981D-3EB99CFF76F8}.Release|Any CPU.Build.0 = Release|Any CPU
		{B2566828-8594-4AEE-AB94-4462E02F9DE1}.Debug|Any CPU.ActiveCfg = Debug|Any CPU
		{B2566828-8594-4AEE-AB94-4462E02F9DE1}.Debug|Any CPU.Build.0 = Debug|Any CPU
		{B2566828-8594-4AEE-AB94-4462E02F9DE1}.Release|Any CPU.ActiveCfg = Release|Any CPU
		{B2566828-8594-4AEE-AB94-4462E02F9DE1}.Release|Any CPU.Build.0 = Release|Any CPU
		{10D58B48-4579-4F7B-9A20-04E80A17F715}.Debug|Any CPU.ActiveCfg = Debug|Any CPU
		{10D58B48-4579-4F7B-9A20-04E80A17F715}.Debug|Any CPU.Build.0 = Debug|Any CPU
		{10D58B48-4579-4F7B-9A20-04E80A17F715}.Release|Any CPU.ActiveCfg = Release|Any CPU
		{10D58B48-4579-4F7B-9A20-04E80A17F715}.Release|Any CPU.Build.0 = Release|Any CPU
		{5AC13844-49B9-4D47-A44E-E9D636DCE6EF}.Debug|Any CPU.ActiveCfg = Debug|Any CPU
		{5AC13844-49B9-4D47-A44E-E9D636DCE6EF}.Debug|Any CPU.Build.0 = Debug|Any CPU
		{5AC13844-49B9-4D47-A44E-E9D636DCE6EF}.Release|Any CPU.ActiveCfg = Release|Any CPU
		{5AC13844-49B9-4D47-A44E-E9D636DCE6EF}.Release|Any CPU.Build.0 = Release|Any CPU
	EndGlobalSection
	GlobalSection(SolutionProperties) = preSolution
		HideSolutionNode = FALSE
	EndGlobalSection
	GlobalSection(ExtensibilityGlobals) = postSolution
		SolutionGuid = {91E80A6F-1C69-41C0-BD36-1B9308EBF734}
	EndGlobalSection
EndGlobal
